
Microsoft Visual Studio Solution File, Format Version 12.00
# Visual Studio 14
VisualStudioVersion = 14.0.25123.0
MinimumVisualStudioVersion = 10.0.40219.1
Project("{FAE04EC0-301F-11D3-BF4B-00C04F79EFBC}") = "VWMS", "VWMS\VWMS.csproj", "{C5B4810F-DB9F-468B-89BE-771D46221F5C}"
EndProject
Project("{FAE04EC0-301F-11D3-BF4B-00C04F79EFBC}") = "BL", "BL\BL.csproj", "{84EFAD95-2827-403C-8563-712BAC0AE9FF}"
EndProject
Project("{FAE04EC0-301F-11D3-BF4B-00C04F79EFBC}") = "App.Dal", "App.Dal\App.Dal.csproj", "{2E319F04-A6FF-4604-AC9B-4783D247DCF6}"
EndProject
Project("{FAE04EC0-301F-11D3-BF4B-00C04F79EFBC}") = "App.BL", "App.BL\App.BL.csproj", "{0B319A82-E061-45E2-A9D1-419416420CB7}"
EndProject
Project("{FAE04EC0-301F-11D3-BF4B-00C04F79EFBC}") = "App.Model", "App.Model\App.Model.csproj", "{F48E2617-D275-4ADC-AFE7-044C9495C6B4}"
EndProject
Global
	GlobalSection(SolutionConfigurationPlatforms) = preSolution
		Debug|Any CPU = Debug|Any CPU
		Release|Any CPU = Release|Any CPU
	EndGlobalSection
	GlobalSection(ProjectConfigurationPlatforms) = postSolution
		{C5B4810F-DB9F-468B-89BE-771D46221F5C}.Debug|Any CPU.ActiveCfg = Debug|Any CPU
		{C5B4810F-DB9F-468B-89BE-771D46221F5C}.Debug|Any CPU.Build.0 = Debug|Any CPU
		{C5B4810F-DB9F-468B-89BE-771D46221F5C}.Release|Any CPU.ActiveCfg = Release|Any CPU
		{C5B4810F-DB9F-468B-89BE-771D46221F5C}.Release|Any CPU.Build.0 = Release|Any CPU
		{84EFAD95-2827-403C-8563-712BAC0AE9FF}.Debug|Any CPU.ActiveCfg = Debug|Any CPU
		{84EFAD95-2827-403C-8563-712BAC0AE9FF}.Debug|Any CPU.Build.0 = Debug|Any CPU
		{84EFAD95-2827-403C-8563-712BAC0AE9FF}.Release|Any CPU.ActiveCfg = Release|Any CPU
		{84EFAD95-2827-403C-8563-712BAC0AE9FF}.Release|Any CPU.Build.0 = Release|Any CPU
		{2E319F04-A6FF-4604-AC9B-4783D247DCF6}.Debug|Any CPU.ActiveCfg = Debug|Any CPU
		{2E319F04-A6FF-4604-AC9B-4783D247DCF6}.Debug|Any CPU.Build.0 = Debug|Any CPU
		{2E319F04-A6FF-4604-AC9B-4783D247DCF6}.Release|Any CPU.ActiveCfg = Release|Any CPU
		{2E319F04-A6FF-4604-AC9B-4783D247DCF6}.Release|Any CPU.Build.0 = Release|Any CPU
		{0B319A82-E061-45E2-A9D1-419416420CB7}.Debug|Any CPU.ActiveCfg = Debug|Any CPU
		{0B319A82-E061-45E2-A9D1-419416420CB7}.Debug|Any CPU.Build.0 = Debug|Any CPU
		{0B319A82-E061-45E2-A9D1-419416420CB7}.Release|Any CPU.ActiveCfg = Release|Any CPU
		{0B319A82-E061-45E2-A9D1-419416420CB7}.Release|Any CPU.Build.0 = Release|Any CPU
		{F48E2617-D275-4ADC-AFE7-044C9495C6B4}.Debug|Any CPU.ActiveCfg = Debug|Any CPU
		{F48E2617-D275-4ADC-AFE7-044C9495C6B4}.Debug|Any CPU.Build.0 = Debug|Any CPU
		{F48E2617-D275-4ADC-AFE7-044C9495C6B4}.Release|Any CPU.ActiveCfg = Release|Any CPU
		{F48E2617-D275-4ADC-AFE7-044C9495C6B4}.Release|Any CPU.Build.0 = Release|Any CPU
	EndGlobalSection
	GlobalSection(SolutionProperties) = preSolution
		HideSolutionNode = FALSE
	EndGlobalSection
EndGlobal
